
Microsoft Visual Studio Solution File, Format Version 12.00
# Visual Studio Version 16
VisualStudioVersion = 16.0.30114.105
MinimumVisualStudioVersion = 10.0.40219.1
Project("{2150E333-8FDC-42A3-9474-1A3956D46DE8}") = "src", "src", "{9ED62898-8DE7-4CC2-9492-236ED1276FDB}"
EndProject
Project("{FAE04EC0-301F-11D3-BF4B-00C04F79EFBC}") = "SimpleAPI", "src\SimpleAPI\SimpleAPI.csproj", "{37B17B51-C05F-4F78-8FC5-3E5FFD8DF037}"
EndProject
Project("{2150E333-8FDC-42A3-9474-1A3956D46DE8}") = "Test", "Test", "{CAEC477A-1D47-4283-B616-48071A045CBE}"
EndProject
Project("{FAE04EC0-301F-11D3-BF4B-00C04F79EFBC}") = "SimpleAPI.Tests", "Test\SimpleAPI.Tests\SimpleAPI.Tests.csproj", "{A89F68E8-28C7-400D-9088-72D23AAF1D66}"
EndProject
Global
	GlobalSection(SolutionConfigurationPlatforms) = preSolution
		Debug|Any CPU = Debug|Any CPU
		Debug|x64 = Debug|x64
		Debug|x86 = Debug|x86
		Release|Any CPU = Release|Any CPU
		Release|x64 = Release|x64
		Release|x86 = Release|x86
	EndGlobalSection
	GlobalSection(SolutionProperties) = preSolution
		HideSolutionNode = FALSE
	EndGlobalSection
	GlobalSection(ProjectConfigurationPlatforms) = postSolution
		{37B17B51-C05F-4F78-8FC5-3E5FFD8DF037}.Debug|Any CPU.ActiveCfg = Debug|Any CPU
		{37B17B51-C05F-4F78-8FC5-3E5FFD8DF037}.Debug|Any CPU.Build.0 = Debug|Any CPU
		{37B17B51-C05F-4F78-8FC5-3E5FFD8DF037}.Debug|x64.ActiveCfg = Debug|Any CPU
		{37B17B51-C05F-4F78-8FC5-3E5FFD8DF037}.Debug|x64.Build.0 = Debug|Any CPU
		{37B17B51-C05F-4F78-8FC5-3E5FFD8DF037}.Debug|x86.ActiveCfg = Debug|Any CPU
		{37B17B51-C05F-4F78-8FC5-3E5FFD8DF037}.Debug|x86.Build.0 = Debug|Any CPU
		{37B17B51-C05F-4F78-8FC5-3E5FFD8DF037}.Release|Any CPU.ActiveCfg = Release|Any CPU
		{37B17B51-C05F-4F78-8FC5-3E5FFD8DF037}.Release|Any CPU.Build.0 = Release|Any CPU
		{37B17B51-C05F-4F78-8FC5-3E5FFD8DF037}.Release|x64.ActiveCfg = Release|Any CPU
		{37B17B51-C05F-4F78-8FC5-3E5FFD8DF037}.Release|x64.Build.0 = Release|Any CPU
		{37B17B51-C05F-4F78-8FC5-3E5FFD8DF037}.Release|x86.ActiveCfg = Release|Any CPU
		{37B17B51-C05F-4F78-8FC5-3E5FFD8DF037}.Release|x86.Build.0 = Release|Any CPU
		{A89F68E8-28C7-400D-9088-72D23AAF1D66}.Debug|Any CPU.ActiveCfg = Debug|Any CPU
		{A89F68E8-28C7-400D-9088-72D23AAF1D66}.Debug|Any CPU.Build.0 = Debug|Any CPU
		{A89F68E8-28C7-400D-9088-72D23AAF1D66}.Debug|x64.ActiveCfg = Debug|Any CPU
		{A89F68E8-28C7-400D-9088-72D23AAF1D66}.Debug|x64.Build.0 = Debug|Any CPU
		{A89F68E8-28C7-400D-9088-72D23AAF1D66}.Debug|x86.ActiveCfg = Debug|Any CPU
		{A89F68E8-28C7-400D-9088-72D23AAF1D66}.Debug|x86.Build.0 = Debug|Any CPU
		{A89F68E8-28C7-400D-9088-72D23AAF1D66}.Release|Any CPU.ActiveCfg = Release|Any CPU
		{A89F68E8-28C7-400D-9088-72D23AAF1D66}.Release|Any CPU.Build.0 = Release|Any CPU
		{A89F68E8-28C7-400D-9088-72D23AAF1D66}.Release|x64.ActiveCfg = Release|Any CPU
		{A89F68E8-28C7-400D-9088-72D23AAF1D66}.Release|x64.Build.0 = Release|Any CPU
		{A89F68E8-28C7-400D-9088-72D23AAF1D66}.Release|x86.ActiveCfg = Release|Any CPU
		{A89F68E8-28C7-400D-9088-72D23AAF1D66}.Release|x86.Build.0 = Release|Any CPU
	EndGlobalSection
	GlobalSection(NestedProjects) = preSolution
		{37B17B51-C05F-4F78-8FC5-3E5FFD8DF037} = {9ED62898-8DE7-4CC2-9492-236ED1276FDB}
		{A89F68E8-28C7-400D-9088-72D23AAF1D66} = {CAEC477A-1D47-4283-B616-48071A045CBE}
	EndGlobalSection
EndGlobal
